
Microsoft Visual Studio Solution File, Format Version 12.00
# Visual Studio Version 17
VisualStudioVersion = 17.6.33829.357
MinimumVisualStudioVersion = 10.0.40219.1
Project("{FAE04EC0-301F-11D3-BF4B-00C04F79EFBC}") = "HRManagementApi", "HRManagementApi\HRManagementApi.csproj", "{5C812AF8-50DC-4BFE-8493-C0FAE86074CA}"
EndProject
Project("{FAE04EC0-301F-11D3-BF4B-00C04F79EFBC}") = "HRManagement.Business", "HRManagement.Business\HRManagement.Business.csproj", "{C0DFCB77-3957-4AE6-9B82-470C4D4F5CDA}"
EndProject
Project("{FAE04EC0-301F-11D3-BF4B-00C04F79EFBC}") = "HRManagement.DataAccess", "HRManagement.DataAccess\HRManagement.DataAccess.csproj", "{AEACE8DE-D1C7-4961-8CC4-534C6C5FF9A4}"
EndProject
Global
	GlobalSection(SolutionConfigurationPlatforms) = preSolution
		Debug|Any CPU = Debug|Any CPU
		Release|Any CPU = Release|Any CPU
	EndGlobalSection
	GlobalSection(ProjectConfigurationPlatforms) = postSolution
		{5C812AF8-50DC-4BFE-8493-C0FAE86074CA}.Debug|Any CPU.ActiveCfg = Debug|Any CPU
		{5C812AF8-50DC-4BFE-8493-C0FAE86074CA}.Debug|Any CPU.Build.0 = Debug|Any CPU
		{5C812AF8-50DC-4BFE-8493-C0FAE86074CA}.Release|Any CPU.ActiveCfg = Release|Any CPU
		{5C812AF8-50DC-4BFE-8493-C0FAE86074CA}.Release|Any CPU.Build.0 = Release|Any CPU
		{C0DFCB77-3957-4AE6-9B82-470C4D4F5CDA}.Debug|Any CPU.ActiveCfg = Debug|Any CPU
		{C0DFCB77-3957-4AE6-9B82-470C4D4F5CDA}.Debug|Any CPU.Build.0 = Debug|Any CPU
		{C0DFCB77-3957-4AE6-9B82-470C4D4F5CDA}.Release|Any CPU.ActiveCfg = Release|Any CPU
		{C0DFCB77-3957-4AE6-9B82-470C4D4F5CDA}.Release|Any CPU.Build.0 = Release|Any CPU
		{AEACE8DE-D1C7-4961-8CC4-534C6C5FF9A4}.Debug|Any CPU.ActiveCfg = Debug|Any CPU
		{AEACE8DE-D1C7-4961-8CC4-534C6C5FF9A4}.Debug|Any CPU.Build.0 = Debug|Any CPU
		{AEACE8DE-D1C7-4961-8CC4-534C6C5FF9A4}.Release|Any CPU.ActiveCfg = Release|Any CPU
		{AEACE8DE-D1C7-4961-8CC4-534C6C5FF9A4}.Release|Any CPU.Build.0 = Release|Any CPU
	EndGlobalSection
	GlobalSection(SolutionProperties) = preSolution
		HideSolutionNode = FALSE
	EndGlobalSection
	GlobalSection(ExtensibilityGlobals) = postSolution
		SolutionGuid = {EA26DEA7-0396-4B72-AD9E-19602C8AEACF}
	EndGlobalSection
EndGlobal
